
Microsoft Visual Studio Solution File, Format Version 12.00
# Visual Studio Version 16
VisualStudioVersion = 16.0.29209.62
MinimumVisualStudioVersion = 10.0.40219.1
Project("{FAE04EC0-301F-11D3-BF4B-00C04F79EFBC}") = "PagesAndLayouts.Android", "PagesAndLayouts\PagesAndLayouts.Android\PagesAndLayouts.Android.csproj", "{B56C690B-41A4-4BA8-ACE1-2EDBFB52BD88}"
EndProject
Project("{FAE04EC0-301F-11D3-BF4B-00C04F79EFBC}") = "PagesAndLayouts.iOS", "PagesAndLayouts\PagesAndLayouts.iOS\PagesAndLayouts.iOS.csproj", "{21305646-9BFC-4E73-B588-1F56C814C95B}"
EndProject
Project("{9A19103F-16F7-4668-BE54-9A1E7A4F7556}") = "PagesAndLayouts", "PagesAndLayouts\PagesAndLayouts\PagesAndLayouts.csproj", "{C7E5EEAC-B531-4CBC-8567-55240E99EA6E}"
EndProject
Global
	GlobalSection(SolutionConfigurationPlatforms) = preSolution
		Debug|Any CPU = Debug|Any CPU
		Debug|iPhone = Debug|iPhone
		Debug|iPhoneSimulator = Debug|iPhoneSimulator
		Release|Any CPU = Release|Any CPU
		Release|iPhone = Release|iPhone
		Release|iPhoneSimulator = Release|iPhoneSimulator
	EndGlobalSection
	GlobalSection(ProjectConfigurationPlatforms) = postSolution
		{B56C690B-41A4-4BA8-ACE1-2EDBFB52BD88}.Debug|Any CPU.ActiveCfg = Debug|Any CPU
		{B56C690B-41A4-4BA8-ACE1-2EDBFB52BD88}.Debug|Any CPU.Build.0 = Debug|Any CPU
		{B56C690B-41A4-4BA8-ACE1-2EDBFB52BD88}.Debug|Any CPU.Deploy.0 = Debug|Any CPU
		{B56C690B-41A4-4BA8-ACE1-2EDBFB52BD88}.Debug|iPhone.ActiveCfg = Debug|Any CPU
		{B56C690B-41A4-4BA8-ACE1-2EDBFB52BD88}.Debug|iPhone.Build.0 = Debug|Any CPU
		{B56C690B-41A4-4BA8-ACE1-2EDBFB52BD88}.Debug|iPhone.Deploy.0 = Debug|Any CPU
		{B56C690B-41A4-4BA8-ACE1-2EDBFB52BD88}.Debug|iPhoneSimulator.ActiveCfg = Debug|Any CPU
		{B56C690B-41A4-4BA8-ACE1-2EDBFB52BD88}.Debug|iPhoneSimulator.Build.0 = Debug|Any CPU
		{B56C690B-41A4-4BA8-ACE1-2EDBFB52BD88}.Debug|iPhoneSimulator.Deploy.0 = Debug|Any CPU
		{B56C690B-41A4-4BA8-ACE1-2EDBFB52BD88}.Release|Any CPU.ActiveCfg = Release|Any CPU
		{B56C690B-41A4-4BA8-ACE1-2EDBFB52BD88}.Release|Any CPU.Build.0 = Release|Any CPU
		{B56C690B-41A4-4BA8-ACE1-2EDBFB52BD88}.Release|Any CPU.Deploy.0 = Release|Any CPU
		{B56C690B-41A4-4BA8-ACE1-2EDBFB52BD88}.Release|iPhone.ActiveCfg = Release|Any CPU
		{B56C690B-41A4-4BA8-ACE1-2EDBFB52BD88}.Release|iPhone.Build.0 = Release|Any CPU
		{B56C690B-41A4-4BA8-ACE1-2EDBFB52BD88}.Release|iPhone.Deploy.0 = Release|Any CPU
		{B56C690B-41A4-4BA8-ACE1-2EDBFB52BD88}.Release|iPhoneSimulator.ActiveCfg = Release|Any CPU
		{B56C690B-41A4-4BA8-ACE1-2EDBFB52BD88}.Release|iPhoneSimulator.Build.0 = Release|Any CPU
		{B56C690B-41A4-4BA8-ACE1-2EDBFB52BD88}.Release|iPhoneSimulator.Deploy.0 = Release|Any CPU
		{21305646-9BFC-4E73-B588-1F56C814C95B}.Debug|Any CPU.ActiveCfg = Debug|iPhoneSimulator
		{21305646-9BFC-4E73-B588-1F56C814C95B}.Debug|Any CPU.Build.0 = Debug|iPhoneSimulator
		{21305646-9BFC-4E73-B588-1F56C814C95B}.Debug|Any CPU.Deploy.0 = Debug|iPhoneSimulator
		{21305646-9BFC-4E73-B588-1F56C814C95B}.Debug|iPhone.ActiveCfg = Debug|iPhone
		{21305646-9BFC-4E73-B588-1F56C814C95B}.Debug|iPhone.Build.0 = Debug|iPhone
		{21305646-9BFC-4E73-B588-1F56C814C95B}.Debug|iPhone.Deploy.0 = Debug|iPhone
		{21305646-9BFC-4E73-B588-1F56C814C95B}.Debug|iPhoneSimulator.ActiveCfg = Debug|iPhoneSimulator
		{21305646-9BFC-4E73-B588-1F56C814C95B}.Debug|iPhoneSimulator.Build.0 = Debug|iPhoneSimulator
		{21305646-9BFC-4E73-B588-1F56C814C95B}.Debug|iPhoneSimulator.Deploy.0 = Debug|iPhoneSimulator
		{21305646-9BFC-4E73-B588-1F56C814C95B}.Release|Any CPU.ActiveCfg = Release|iPhone
		{21305646-9BFC-4E73-B588-1F56C814C95B}.Release|Any CPU.Build.0 = Release|iPhone
		{21305646-9BFC-4E73-B588-1F56C814C95B}.Release|Any CPU.Deploy.0 = Release|iPhone
		{21305646-9BFC-4E73-B588-1F56C814C95B}.Release|iPhone.ActiveCfg = Release|iPhone
		{21305646-9BFC-4E73-B588-1F56C814C95B}.Release|iPhone.Build.0 = Release|iPhone
		{21305646-9BFC-4E73-B588-1F56C814C95B}.Release|iPhone.Deploy.0 = Release|iPhone
		{21305646-9BFC-4E73-B588-1F56C814C95B}.Release|iPhoneSimulator.ActiveCfg = Release|iPhoneSimulator
		{21305646-9BFC-4E73-B588-1F56C814C95B}.Release|iPhoneSimulator.Build.0 = Release|iPhoneSimulator
		{21305646-9BFC-4E73-B588-1F56C814C95B}.Release|iPhoneSimulator.Deploy.0 = Release|iPhoneSimulator
		{C7E5EEAC-B531-4CBC-8567-55240E99EA6E}.Debug|Any CPU.ActiveCfg = Debug|Any CPU
		{C7E5EEAC-B531-4CBC-8567-55240E99EA6E}.Debug|Any CPU.Build.0 = Debug|Any CPU
		{C7E5EEAC-B531-4CBC-8567-55240E99EA6E}.Debug|Any CPU.Deploy.0 = Debug|Any CPU
		{C7E5EEAC-B531-4CBC-8567-55240E99EA6E}.Debug|iPhone.ActiveCfg = Debug|Any CPU
		{C7E5EEAC-B531-4CBC-8567-55240E99EA6E}.Debug|iPhone.Build.0 = Debug|Any CPU
		{C7E5EEAC-B531-4CBC-8567-55240E99EA6E}.Debug|iPhone.Deploy.0 = Debug|Any CPU
		{C7E5EEAC-B531-4CBC-8567-55240E99EA6E}.Debug|iPhoneSimulator.ActiveCfg = Debug|Any CPU
		{C7E5EEAC-B531-4CBC-8567-55240E99EA6E}.Debug|iPhoneSimulator.Build.0 = Debug|Any CPU
		{C7E5EEAC-B531-4CBC-8567-55240E99EA6E}.Debug|iPhoneSimulator.Deploy.0 = Debug|Any CPU
		{C7E5EEAC-B531-4CBC-8567-55240E99EA6E}.Release|Any CPU.ActiveCfg = Release|Any CPU
		{C7E5EEAC-B531-4CBC-8567-55240E99EA6E}.Release|Any CPU.Build.0 = Release|Any CPU
		{C7E5EEAC-B531-4CBC-8567-55240E99EA6E}.Release|Any CPU.Deploy.0 = Release|Any CPU
		{C7E5EEAC-B531-4CBC-8567-55240E99EA6E}.Release|iPhone.ActiveCfg = Release|Any CPU
		{C7E5EEAC-B531-4CBC-8567-55240E99EA6E}.Release|iPhone.Build.0 = Release|Any CPU
		{C7E5EEAC-B531-4CBC-8567-55240E99EA6E}.Release|iPhone.Deploy.0 = Release|Any CPU
		{C7E5EEAC-B531-4CBC-8567-55240E99EA6E}.Release|iPhoneSimulator.ActiveCfg = Release|Any CPU
		{C7E5EEAC-B531-4CBC-8567-55240E99EA6E}.Release|iPhoneSimulator.Build.0 = Release|Any CPU
		{C7E5EEAC-B531-4CBC-8567-55240E99EA6E}.Release|iPhoneSimulator.Deploy.0 = Release|Any CPU
	EndGlobalSection
	GlobalSection(SolutionProperties) = preSolution
		HideSolutionNode = FALSE
	EndGlobalSection
	GlobalSection(ExtensibilityGlobals) = postSolution
		SolutionGuid = {1B79006A-D96D-4346-8C36-24FE0C112273}
	EndGlobalSection
EndGlobal
