
Microsoft Visual Studio Solution File, Format Version 12.00
# Visual Studio Version 16
VisualStudioVersion = 16.0.29209.62
MinimumVisualStudioVersion = 10.0.40219.1
Project("{FAE04EC0-301F-11D3-BF4B-00C04F79EFBC}") = "Styles.Android", "Styles\Styles.Android\Styles.Android.csproj", "{E79375EB-8B31-4AF5-9A05-052D6E01FA43}"
EndProject
Project("{FAE04EC0-301F-11D3-BF4B-00C04F79EFBC}") = "Styles.iOS", "Styles\Styles.iOS\Styles.iOS.csproj", "{48437EDB-6F10-46FB-9F03-4BA4E63F7D2B}"
EndProject
Project("{FAE04EC0-301F-11D3-BF4B-00C04F79EFBC}") = "Styles", "Styles\Styles\Styles.csproj", "{A3195EBB-837A-4341-9FC3-FC8ADC14BECB}"
EndProject
Global
	GlobalSection(SolutionConfigurationPlatforms) = preSolution
		Debug|Any CPU = Debug|Any CPU
		Debug|iPhone = Debug|iPhone
		Debug|iPhoneSimulator = Debug|iPhoneSimulator
		Release|Any CPU = Release|Any CPU
		Release|iPhone = Release|iPhone
		Release|iPhoneSimulator = Release|iPhoneSimulator
	EndGlobalSection
	GlobalSection(ProjectConfigurationPlatforms) = postSolution
		{E79375EB-8B31-4AF5-9A05-052D6E01FA43}.Debug|Any CPU.ActiveCfg = Debug|Any CPU
		{E79375EB-8B31-4AF5-9A05-052D6E01FA43}.Debug|Any CPU.Build.0 = Debug|Any CPU
		{E79375EB-8B31-4AF5-9A05-052D6E01FA43}.Debug|Any CPU.Deploy.0 = Debug|Any CPU
		{E79375EB-8B31-4AF5-9A05-052D6E01FA43}.Debug|iPhone.ActiveCfg = Debug|Any CPU
		{E79375EB-8B31-4AF5-9A05-052D6E01FA43}.Debug|iPhone.Build.0 = Debug|Any CPU
		{E79375EB-8B31-4AF5-9A05-052D6E01FA43}.Debug|iPhone.Deploy.0 = Debug|Any CPU
		{E79375EB-8B31-4AF5-9A05-052D6E01FA43}.Debug|iPhoneSimulator.ActiveCfg = Debug|Any CPU
		{E79375EB-8B31-4AF5-9A05-052D6E01FA43}.Debug|iPhoneSimulator.Build.0 = Debug|Any CPU
		{E79375EB-8B31-4AF5-9A05-052D6E01FA43}.Debug|iPhoneSimulator.Deploy.0 = Debug|Any CPU
		{E79375EB-8B31-4AF5-9A05-052D6E01FA43}.Release|Any CPU.ActiveCfg = Release|Any CPU
		{E79375EB-8B31-4AF5-9A05-052D6E01FA43}.Release|Any CPU.Build.0 = Release|Any CPU
		{E79375EB-8B31-4AF5-9A05-052D6E01FA43}.Release|Any CPU.Deploy.0 = Release|Any CPU
		{E79375EB-8B31-4AF5-9A05-052D6E01FA43}.Release|iPhone.ActiveCfg = Release|Any CPU
		{E79375EB-8B31-4AF5-9A05-052D6E01FA43}.Release|iPhone.Build.0 = Release|Any CPU
		{E79375EB-8B31-4AF5-9A05-052D6E01FA43}.Release|iPhone.Deploy.0 = Release|Any CPU
		{E79375EB-8B31-4AF5-9A05-052D6E01FA43}.Release|iPhoneSimulator.ActiveCfg = Release|Any CPU
		{E79375EB-8B31-4AF5-9A05-052D6E01FA43}.Release|iPhoneSimulator.Build.0 = Release|Any CPU
		{E79375EB-8B31-4AF5-9A05-052D6E01FA43}.Release|iPhoneSimulator.Deploy.0 = Release|Any CPU
		{48437EDB-6F10-46FB-9F03-4BA4E63F7D2B}.Debug|Any CPU.ActiveCfg = Debug|iPhoneSimulator
		{48437EDB-6F10-46FB-9F03-4BA4E63F7D2B}.Debug|Any CPU.Build.0 = Debug|iPhoneSimulator
		{48437EDB-6F10-46FB-9F03-4BA4E63F7D2B}.Debug|Any CPU.Deploy.0 = Debug|iPhoneSimulator
		{48437EDB-6F10-46FB-9F03-4BA4E63F7D2B}.Debug|iPhone.ActiveCfg = Debug|iPhone
		{48437EDB-6F10-46FB-9F03-4BA4E63F7D2B}.Debug|iPhone.Build.0 = Debug|iPhone
		{48437EDB-6F10-46FB-9F03-4BA4E63F7D2B}.Debug|iPhone.Deploy.0 = Debug|iPhone
		{48437EDB-6F10-46FB-9F03-4BA4E63F7D2B}.Debug|iPhoneSimulator.ActiveCfg = Debug|iPhoneSimulator
		{48437EDB-6F10-46FB-9F03-4BA4E63F7D2B}.Debug|iPhoneSimulator.Build.0 = Debug|iPhoneSimulator
		{48437EDB-6F10-46FB-9F03-4BA4E63F7D2B}.Debug|iPhoneSimulator.Deploy.0 = Debug|iPhoneSimulator
		{48437EDB-6F10-46FB-9F03-4BA4E63F7D2B}.Release|Any CPU.ActiveCfg = Release|iPhone
		{48437EDB-6F10-46FB-9F03-4BA4E63F7D2B}.Release|Any CPU.Build.0 = Release|iPhone
		{48437EDB-6F10-46FB-9F03-4BA4E63F7D2B}.Release|Any CPU.Deploy.0 = Release|iPhone
		{48437EDB-6F10-46FB-9F03-4BA4E63F7D2B}.Release|iPhone.ActiveCfg = Release|iPhone
		{48437EDB-6F10-46FB-9F03-4BA4E63F7D2B}.Release|iPhone.Build.0 = Release|iPhone
		{48437EDB-6F10-46FB-9F03-4BA4E63F7D2B}.Release|iPhone.Deploy.0 = Release|iPhone
		{48437EDB-6F10-46FB-9F03-4BA4E63F7D2B}.Release|iPhoneSimulator.ActiveCfg = Release|iPhoneSimulator
		{48437EDB-6F10-46FB-9F03-4BA4E63F7D2B}.Release|iPhoneSimulator.Build.0 = Release|iPhoneSimulator
		{48437EDB-6F10-46FB-9F03-4BA4E63F7D2B}.Release|iPhoneSimulator.Deploy.0 = Release|iPhoneSimulator
		{A3195EBB-837A-4341-9FC3-FC8ADC14BECB}.Debug|Any CPU.ActiveCfg = Debug|Any CPU
		{A3195EBB-837A-4341-9FC3-FC8ADC14BECB}.Debug|Any CPU.Build.0 = Debug|Any CPU
		{A3195EBB-837A-4341-9FC3-FC8ADC14BECB}.Debug|Any CPU.Deploy.0 = Debug|Any CPU
		{A3195EBB-837A-4341-9FC3-FC8ADC14BECB}.Debug|iPhone.ActiveCfg = Debug|Any CPU
		{A3195EBB-837A-4341-9FC3-FC8ADC14BECB}.Debug|iPhone.Build.0 = Debug|Any CPU
		{A3195EBB-837A-4341-9FC3-FC8ADC14BECB}.Debug|iPhone.Deploy.0 = Debug|Any CPU
		{A3195EBB-837A-4341-9FC3-FC8ADC14BECB}.Debug|iPhoneSimulator.ActiveCfg = Debug|Any CPU
		{A3195EBB-837A-4341-9FC3-FC8ADC14BECB}.Debug|iPhoneSimulator.Build.0 = Debug|Any CPU
		{A3195EBB-837A-4341-9FC3-FC8ADC14BECB}.Debug|iPhoneSimulator.Deploy.0 = Debug|Any CPU
		{A3195EBB-837A-4341-9FC3-FC8ADC14BECB}.Release|Any CPU.ActiveCfg = Release|Any CPU
		{A3195EBB-837A-4341-9FC3-FC8ADC14BECB}.Release|Any CPU.Build.0 = Release|Any CPU
		{A3195EBB-837A-4341-9FC3-FC8ADC14BECB}.Release|Any CPU.Deploy.0 = Release|Any CPU
		{A3195EBB-837A-4341-9FC3-FC8ADC14BECB}.Release|iPhone.ActiveCfg = Release|Any CPU
		{A3195EBB-837A-4341-9FC3-FC8ADC14BECB}.Release|iPhone.Build.0 = Release|Any CPU
		{A3195EBB-837A-4341-9FC3-FC8ADC14BECB}.Release|iPhone.Deploy.0 = Release|Any CPU
		{A3195EBB-837A-4341-9FC3-FC8ADC14BECB}.Release|iPhoneSimulator.ActiveCfg = Release|Any CPU
		{A3195EBB-837A-4341-9FC3-FC8ADC14BECB}.Release|iPhoneSimulator.Build.0 = Release|Any CPU
		{A3195EBB-837A-4341-9FC3-FC8ADC14BECB}.Release|iPhoneSimulator.Deploy.0 = Release|Any CPU
	EndGlobalSection
	GlobalSection(SolutionProperties) = preSolution
		HideSolutionNode = FALSE
	EndGlobalSection
	GlobalSection(ExtensibilityGlobals) = postSolution
		SolutionGuid = {BB15A81F-7982-4456-B853-A231579478C0}
	EndGlobalSection
EndGlobal
